
Microsoft Visual Studio Solution File, Format Version 12.00
# Visual Studio Version 16
VisualStudioVersion = 16.0.32510.428
MinimumVisualStudioVersion = 10.0.40219.1
Project("{FAE04EC0-301F-11D3-BF4B-00C04F79EFBC}") = "ConTroll", "ConTroll\ConTroll.csproj", "{39114A0F-CF2C-4CDA-9136-61FBF4A6D1BC}"
EndProject
Project("{FAE04EC0-301F-11D3-BF4B-00C04F79EFBC}") = "SNIConnect", "SNIConnect\SNIConnect.csproj", "{A29624D6-A058-4094-B56E-D911EA26F4A5}"
EndProject
Global
	GlobalSection(SolutionConfigurationPlatforms) = preSolution
		Debug|Any CPU = Debug|Any CPU
		Debug|x64 = Debug|x64
		Release|Any CPU = Release|Any CPU
		Release|x64 = Release|x64
	EndGlobalSection
	GlobalSection(ProjectConfigurationPlatforms) = postSolution
		{39114A0F-CF2C-4CDA-9136-61FBF4A6D1BC}.Debug|Any CPU.ActiveCfg = Debug|Any CPU
		{39114A0F-CF2C-4CDA-9136-61FBF4A6D1BC}.Debug|Any CPU.Build.0 = Debug|Any CPU
		{39114A0F-CF2C-4CDA-9136-61FBF4A6D1BC}.Debug|x64.ActiveCfg = Debug|x64
		{39114A0F-CF2C-4CDA-9136-61FBF4A6D1BC}.Debug|x64.Build.0 = Debug|x64
		{39114A0F-CF2C-4CDA-9136-61FBF4A6D1BC}.Release|Any CPU.ActiveCfg = Release|Any CPU
		{39114A0F-CF2C-4CDA-9136-61FBF4A6D1BC}.Release|Any CPU.Build.0 = Release|Any CPU
		{39114A0F-CF2C-4CDA-9136-61FBF4A6D1BC}.Release|x64.ActiveCfg = Release|x64
		{39114A0F-CF2C-4CDA-9136-61FBF4A6D1BC}.Release|x64.Build.0 = Release|x64
		{A29624D6-A058-4094-B56E-D911EA26F4A5}.Debug|Any CPU.ActiveCfg = Debug|Any CPU
		{A29624D6-A058-4094-B56E-D911EA26F4A5}.Debug|Any CPU.Build.0 = Debug|Any CPU
		{A29624D6-A058-4094-B56E-D911EA26F4A5}.Debug|x64.ActiveCfg = Debug|x64
		{A29624D6-A058-4094-B56E-D911EA26F4A5}.Debug|x64.Build.0 = Debug|x64
		{A29624D6-A058-4094-B56E-D911EA26F4A5}.Release|Any CPU.ActiveCfg = Release|Any CPU
		{A29624D6-A058-4094-B56E-D911EA26F4A5}.Release|Any CPU.Build.0 = Release|Any CPU
		{A29624D6-A058-4094-B56E-D911EA26F4A5}.Release|x64.ActiveCfg = Release|x64
		{A29624D6-A058-4094-B56E-D911EA26F4A5}.Release|x64.Build.0 = Release|x64
	EndGlobalSection
	GlobalSection(SolutionProperties) = preSolution
		HideSolutionNode = FALSE
	EndGlobalSection
	GlobalSection(ExtensibilityGlobals) = postSolution
		SolutionGuid = {BE3A090B-2CA0-4352-B3C5-B1446C032AA5}
	EndGlobalSection
EndGlobal
